<?xml version="1.0" encoding="utf-8"?>
<Project ToolsVersion="4.0" xmlns="http://schemas.microsoft.com/developer/msbuild/2003">
  <ItemGroup>
    <Filter Include="Source Files">
      <UniqueIdentifier>{4FC737F1-C7A5-4376-A066-2A32D752A2FF}</UniqueIdentifier>
      <Extensions>cpp;c;cc;cxx;def;odl;idl;hpj;bat;asm;asmx</Extensions>
    </Filter>
    <Filter Include="Header Files">
      <UniqueIdentifier>{93995380-89BD-4b04-88EB-625FBE52EBFB}</UniqueIdentifier>
      <Extensions>h;hh;hpp;hxx;hm;inl;inc;xsd</Extensions>
    </Filter>
    <Filter Include="Resource Files">
      <UniqueIdentifier>{67DA6AB6-F800-4c08-8B7A-83BB121AAD01}</UniqueIdentifier>
      <Extensions>xml;rc;ico;cur;bmp;dlg;rc2;rct;bin;rgs;gif;jpg;jpeg;jpe;resx;tiff;tif;png;wav;mfcribbon-ms</Extensions>
    </Filter>
    <Filter Include="Header Files\scripting">
      <UniqueIdentifier>{14afec3f-42a9-4142-b96d-ffcb3fe9adcf}</UniqueIdentifier>
    </Filter>
    <Filter Include="Source Files\scripting">
      <UniqueIdentifier>{d85059e7-5a62-4f3e-8599-fb4e41abba1d}</UniqueIdentifier>
    </Filter>
    <Filter Include="Header Files\framework">
      <UniqueIdentifier>{20f06117-05d9-4b74-bfee-0b40775f0454}</UniqueIdentifier>
    </Filter>
    <Filter Include="Source Files\framework">
      <UniqueIdentifier>{376dc3c8-9493-436f-b7ab-6aebe4cd9308}</UniqueIdentifier>
    </Filter>
    <Filter Include="Header Files\lib">
      <UniqueIdentifier>{08f0eeed-27c0-45f7-836b-29662587a36d}</UniqueIdentifier>
    </Filter>
    <Filter Include="Source Files\lib">
      <UniqueIdentifier>{c7c46e11-4820-4b7f-9d54-4f0dfc4259a4}</UniqueIdentifier>
    </Filter>
    <Filter Include="Header Files\platform">
      <UniqueIdentifier>{06ddb657-a9d3-4839-9711-b6939e606d66}</UniqueIdentifier>
    </Filter>
    <Filter Include="Source Files\platform">
      <UniqueIdentifier>{b92fa063-8001-491a-a685-cf9e6e32b26b}</UniqueIdentifier>
    </Filter>
    <Filter Include="Header Files\platform\x11">
      <UniqueIdentifier>{96564287-195c-496e-89bb-06b7754bd52b}</UniqueIdentifier>
    </Filter>
    <Filter Include="Source Files\platform\x11">
      <UniqueIdentifier>{821789ce-ca7e-40f0-80b9-6963a4fbfeba}</UniqueIdentifier>
    </Filter>
    <Filter Include="Header Files\data">
      <UniqueIdentifier>{2510f662-525a-42a9-9672-a7385aed6f35}</UniqueIdentifier>
    </Filter>
    <Filter Include="Source Files\data">
      <UniqueIdentifier>{039a8cf7-3ac0-4e9b-abd8-fa96b7374387}</UniqueIdentifier>
    </Filter>
    <Filter Include="Header Files\data\xml">
      <UniqueIdentifier>{5ed3af4b-119b-4c30-83ba-2a7f969c7bf5}</UniqueIdentifier>
    </Filter>
    <Filter Include="Source Files\data\xml">
      <UniqueIdentifier>{e8eb1eb5-38b4-49dc-ba8b-8bebc813be65}</UniqueIdentifier>
    </Filter>
    <Filter Include="Header Files\graphics">
      <UniqueIdentifier>{6960512e-cc7a-4ce6-b8b0-5db846ebb07a}</UniqueIdentifier>
    </Filter>
    <Filter Include="Header Files\graphics\vulkan">
      <UniqueIdentifier>{dc5e0e42-bc62-45ba-8053-a781d1bcc77e}</UniqueIdentifier>
    </Filter>
    <Filter Include="Source Files\graphics">
      <UniqueIdentifier>{6c9fca5f-d54b-407d-9d62-5d8c55d1906a}</UniqueIdentifier>
    </Filter>
    <Filter Include="Source Files\graphics\vulkan">
      <UniqueIdentifier>{8308e72b-1858-4346-b237-d136a1caa986}</UniqueIdentifier>
    </Filter>
    <Filter Include="Header Files\addin">
      <UniqueIdentifier>{505444fd-3616-4163-90de-e5f023b48b9d}</UniqueIdentifier>
    </Filter>
    <Filter Include="Source Files\addin">
      <UniqueIdentifier>{deb6da8d-248c-4160-9edc-ae2d2488f008}</UniqueIdentifier>
    </Filter>
  </ItemGroup>
  <ItemGroup>
    <ClInclude Include="..\src\Engine.h">
      <Filter>Header Files</Filter>
    </ClInclude>
    <ClInclude Include="..\src\EngineConfig.h">
      <Filter>Header Files</Filter>
    </ClInclude>
    <ClInclude Include="..\src\Log.h">
      <Filter>Header Files</Filter>
    </ClInclude>
    <ClInclude Include="..\src\scripting\Script.h">
      <Filter>Header Files\scripting</Filter>
    </ClInclude>
    <ClInclude Include="..\src\framework\Game.h">
      <Filter>Header Files\framework</Filter>
    </ClInclude>
    <ClInclude Include="..\src\framework\GameTime.h">
      <Filter>Header Files\framework</Filter>
    </ClInclude>
    <ClInclude Include="..\src\platform\Platform.h">
      <Filter>Header Files\platform</Filter>
    </ClInclude>
    <ClInclude Include="..\src\platform\PlatformConfig.h">
      <Filter>Header Files\platform</Filter>
    </ClInclude>
    <ClInclude Include="..\src\platform\x11\X11Config.h">
      <Filter>Header Files\platform\x11</Filter>
    </ClInclude>
    <ClInclude Include="..\src\platform\x11\X11OpenGL.h">
      <Filter>Header Files\platform\x11</Filter>
    </ClInclude>
    <ClInclude Include="..\src\platform\x11\X11Vulkan.h">
      <Filter>Header Files\platform\x11</Filter>
    </ClInclude>
    <ClInclude Include="..\src\scripting\ScriptEnvironment.h">
      <Filter>Header Files\scripting</Filter>
    </ClInclude>
    <ClInclude Include="..\src\GaME.h">
      <Filter>Header Files</Filter>
    </ClInclude>
    <ClInclude Include="..\src\framework\Entity.h">
      <Filter>Header Files\framework</Filter>
    </ClInclude>
    <ClInclude Include="..\src\platform\FontLoader.h">
      <Filter>Header Files\platform</Filter>
    </ClInclude>
    <ClInclude Include="..\src\platform\Win32Vulkan.h">
      <Filter>Header Files\platform</Filter>
    </ClInclude>
    <ClInclude Include="..\src\scripting\Scriptable.h">
      <Filter>Header Files\scripting</Filter>
    </ClInclude>
    <ClInclude Include="..\src\CommonTypes.h">
      <Filter>Header Files</Filter>
    </ClInclude>
    <ClInclude Include="..\src\data\Data.h">
      <Filter>Header Files\data</Filter>
    </ClInclude>
    <ClInclude Include="..\src\data\DataLoader.h">
      <Filter>Header Files\data</Filter>
    </ClInclude>
    <ClInclude Include="..\src\data\xml\XmlNode.h">
      <Filter>Header Files\data\xml</Filter>
    </ClInclude>
    <ClInclude Include="..\src\data\xml\XmlSerializable.h">
      <Filter>Header Files\data\xml</Filter>
    </ClInclude>
    <ClInclude Include="..\src\data\XmlData.h">
      <Filter>Header Files\data</Filter>
    </ClInclude>
    <ClInclude Include="..\src\data\xml\XmlRange.h">
      <Filter>Header Files\data\xml</Filter>
    </ClInclude>
    <ClInclude Include="..\src\data\xml\XmlDocument.h">
      <Filter>Header Files\data\xml</Filter>
    </ClInclude>
    <ClInclude Include="..\src\data\xml\XmlAttribute.h">
      <Filter>Header Files\data\xml</Filter>
    </ClInclude>
    <ClInclude Include="..\src\framework\GameSpecification.h">
      <Filter>Header Files\framework</Filter>
    </ClInclude>
    <ClInclude Include="..\src\VersionInfo.h">
      <Filter>Header Files</Filter>
    </ClInclude>
    <ClInclude Include="..\src\Version.h">
      <Filter>Header Files</Filter>
    </ClInclude>
    <ClInclude Include="..\src\framework\GameHeader.h">
      <Filter>Header Files\framework</Filter>
    </ClInclude>
    <ClInclude Include="..\src\framework\GameConfig.h">
      <Filter>Header Files\framework</Filter>
    </ClInclude>
    <ClInclude Include="..\src\platform\GLFWVulkan.h">
      <Filter>Header Files\platform</Filter>
    </ClInclude>
    <ClInclude Include="..\src\platform\InputKey.h">
      <Filter>Header Files\platform</Filter>
    </ClInclude>
    <ClInclude Include="..\src\platform\DefaultPlatformConfig.h">
      <Filter>Header Files\platform</Filter>
    </ClInclude>
    <ClInclude Include="..\src\lib\CommandLine.h">
      <Filter>Header Files\lib</Filter>
    </ClInclude>
    <ClInclude Include="..\src\lib\FilePath.h">
      <Filter>Header Files\lib</Filter>
    </ClInclude>
    <ClInclude Include="..\src\lib\StringUtil.h">
      <Filter>Header Files\lib</Filter>
    </ClInclude>
    <ClInclude Include="..\src\lib\V8.h">
      <Filter>Header Files\lib</Filter>
    </ClInclude>
    <ClInclude Include="..\src\platform\VulkanPlatform.h">
      <Filter>Header Files\platform</Filter>
    </ClInclude>
    <ClInclude Include="..\src\platform\GLFWVulkanConfig.h">
      <Filter>Header Files\platform</Filter>
    </ClInclude>
    <ClInclude Include="..\src\graphics\Vertex.h">
      <Filter>Header Files\graphics</Filter>
    </ClInclude>
    <ClInclude Include="..\src\graphics\vulkan\Shader.h">
      <Filter>Header Files\graphics\vulkan</Filter>
    </ClInclude>
    <ClInclude Include="..\src\graphics\vulkan\Vulkan.h">
      <Filter>Header Files\graphics\vulkan</Filter>
    </ClInclude>
    <ClInclude Include="..\src\graphics\vulkan\VulkanFunctions.h">
      <Filter>Header Files\graphics\vulkan</Filter>
    </ClInclude>
    <ClInclude Include="..\src\graphics\ModelViewProjection.h">
      <Filter>Header Files\graphics</Filter>
    </ClInclude>
    <ClInclude Include="..\src\graphics\Image.h">
      <Filter>Header Files\graphics</Filter>
    </ClInclude>
    <ClInclude Include="..\src\framework\Component.h">
      <Filter>Header Files\framework</Filter>
    </ClInclude>
    <ClInclude Include="..\src\System.h">
      <Filter>Header Files</Filter>
    </ClInclude>
    <ClInclude Include="..\src\SystemConfig.h">
      <Filter>Header Files</Filter>
    </ClInclude>
    <ClInclude Include="..\src\SystemVersionInfo.h">
      <Filter>Header Files</Filter>
    </ClInclude>
    <ClInclude Include="..\src\addin\Addin.h">
      <Filter>Header Files\addin</Filter>
    </ClInclude>
    <ClInclude Include="..\src\addin\AddinHeader.h">
      <Filter>Header Files\addin</Filter>
    </ClInclude>
    <ClInclude Include="..\src\addin\SystemProvider.h">
      <Filter>Header Files\addin</Filter>
    </ClInclude>
    <ClInclude Include="..\src\framework\ComponentConfig.h">
      <Filter>Header Files\framework</Filter>
    </ClInclude>
    <ClInclude Include="..\src\framework\EntitySpecification.h">
      <Filter>Header Files\framework</Filter>
    </ClInclude>
  </ItemGroup>
  <ItemGroup>
    <ClCompile Include="..\src\Engine.cpp">
      <Filter>Source Files</Filter>
    </ClCompile>
    <ClCompile Include="..\src\EngineConfig.cpp">
      <Filter>Source Files</Filter>
    </ClCompile>
    <ClCompile Include="..\src\Log.cpp">
      <Filter>Source Files</Filter>
    </ClCompile>
    <ClCompile Include="..\src\scripting\Script.cpp">
      <Filter>Source Files\scripting</Filter>
    </ClCompile>
    <ClCompile Include="..\src\framework\Game.cpp">
      <Filter>Source Files\framework</Filter>
    </ClCompile>
    <ClCompile Include="..\src\platform\PlatformConfig.cpp">
      <Filter>Source Files\platform</Filter>
    </ClCompile>
    <ClCompile Include="..\src\platform\x11\X11Config.cpp">
      <Filter>Source Files\platform\x11</Filter>
    </ClCompile>
    <ClCompile Include="..\src\platform\x11\X11OpenGL.cpp">
      <Filter>Source Files\platform\x11</Filter>
    </ClCompile>
    <ClCompile Include="..\src\platform\x11\X11Vulkan.cpp">
      <Filter>Source Files\platform\x11</Filter>
    </ClCompile>
    <ClCompile Include="..\src\scripting\ScriptEnvironment.cpp">
      <Filter>Source Files\scripting</Filter>
    </ClCompile>
    <ClCompile Include="..\src\framework\Entity.cpp">
      <Filter>Source Files\framework</Filter>
    </ClCompile>
    <ClCompile Include="..\src\platform\Platform.cpp">
      <Filter>Source Files\platform</Filter>
    </ClCompile>
    <ClCompile Include="..\src\platform\Win32Vulkan.cpp">
      <Filter>Source Files\platform</Filter>
    </ClCompile>
    <ClCompile Include="..\src\scripting\Scriptable.cpp">
      <Filter>Source Files\scripting</Filter>
    </ClCompile>
    <ClCompile Include="..\src\data\Data.cpp">
      <Filter>Source Files\data</Filter>
    </ClCompile>
    <ClCompile Include="..\src\data\XmlData.cpp">
      <Filter>Source Files\data</Filter>
    </ClCompile>
    <ClCompile Include="..\src\data\xml\XmlNode.cpp">
      <Filter>Source Files\data\xml</Filter>
    </ClCompile>
    <ClCompile Include="..\src\data\xml\XmlDocument.cpp">
      <Filter>Source Files\data\xml</Filter>
    </ClCompile>
    <ClCompile Include="..\src\data\xml\XmlAttribute.cpp">
      <Filter>Source Files\data\xml</Filter>
    </ClCompile>
    <ClCompile Include="..\src\VersionInfo.cpp">
      <Filter>Source Files</Filter>
    </ClCompile>
    <ClCompile Include="..\src\framework\GameHeader.cpp">
      <Filter>Source Files\framework</Filter>
    </ClCompile>
    <ClCompile Include="..\src\Version.cpp">
      <Filter>Source Files</Filter>
    </ClCompile>
    <ClCompile Include="..\src\framework\GameConfig.cpp">
      <Filter>Source Files\framework</Filter>
    </ClCompile>
    <ClCompile Include="..\src\framework\GameSpecification.cpp">
      <Filter>Source Files\framework</Filter>
    </ClCompile>
    <ClCompile Include="..\src\platform\GLFWVulkan.cpp">
      <Filter>Source Files\platform</Filter>
    </ClCompile>
    <ClCompile Include="..\src\platform\InputKey.cpp">
      <Filter>Source Files\platform</Filter>
    </ClCompile>
    <ClCompile Include="..\src\platform\VulkanPlatform.cpp">
      <Filter>Source Files\platform</Filter>
    </ClCompile>
    <ClCompile Include="..\src\lib\CommandLine.cpp">
      <Filter>Source Files\lib</Filter>
    </ClCompile>
    <ClCompile Include="..\src\lib\FilePath.cpp">
      <Filter>Source Files\lib</Filter>
    </ClCompile>
    <ClCompile Include="..\src\lib\V8.cpp">
      <Filter>Source Files\lib</Filter>
    </ClCompile>
    <ClCompile Include="..\src\lib\StringUtil.cpp">
      <Filter>Source Files\lib</Filter>
    </ClCompile>
    <ClCompile Include="..\src\platform\GLFWVulkanConfig.cpp">
      <Filter>Source Files\platform</Filter>
    </ClCompile>
    <ClCompile Include="..\src\graphics\vulkan\Shader.cpp">
      <Filter>Source Files\graphics\vulkan</Filter>
    </ClCompile>
    <ClCompile Include="..\src\graphics\vulkan\Vulkan.cpp">
      <Filter>Source Files\graphics\vulkan</Filter>
    </ClCompile>
    <ClCompile Include="..\src\graphics\vulkan\VulkanFunctions.cpp">
      <Filter>Source Files\graphics\vulkan</Filter>
    </ClCompile>
    <ClCompile Include="..\src\graphics\Image.cpp">
      <Filter>Source Files\graphics</Filter>
    </ClCompile>
    <ClCompile Include="..\src\System.cpp">
      <Filter>Source Files</Filter>
    </ClCompile>
    <ClCompile Include="..\src\SystemConfig.cpp">
      <Filter>Source Files</Filter>
    </ClCompile>
    <ClCompile Include="..\src\SystemVersionInfo.cpp">
      <Filter>Source Files</Filter>
    </ClCompile>
    <ClCompile Include="..\src\addin\Addin.cpp">
      <Filter>Source Files\addin</Filter>
    </ClCompile>
    <ClCompile Include="..\src\addin\AddinHeader.cpp">
      <Filter>Source Files\addin</Filter>
    </ClCompile>
    <ClCompile Include="..\src\framework\Component.cpp">
      <Filter>Source Files\framework</Filter>
    </ClCompile>
    <ClCompile Include="..\src\framework\ComponentConfig.cpp">
      <Filter>Source Files\framework</Filter>
    </ClCompile>
    <ClCompile Include="..\src\framework\EntitySpecification.cpp">
      <Filter>Source Files\framework</Filter>
    </ClCompile>
  </ItemGroup>
</Project>